// !$*UTF8*$!
{
	archiveVersion = 1;
	classes = {
	};
	objectVersion = 46;
	objects = {

/* Begin PBXBuildFile section */
		03804F1A430A7A62C5C17CC9 /* libPods.a in Frameworks */ = {isa = PBXBuildFile; fileRef = 03186230C41E9C47BC3C0286 /* libPods.a */; };
		454C51AD1B5C126F00D6680A /* main.m in Sources */ = {isa = PBXBuildFile; fileRef = 454C51AC1B5C126F00D6680A /* main.m */; };
		454C51B01B5C126F00D6680A /* AppDelegate.m in Sources */ = {isa = PBXBuildFile; fileRef = 454C51AF1B5C126F00D6680A /* AppDelegate.m */; };
		454C51B31B5C126F00D6680A /* ViewController.m in Sources */ = {isa = PBXBuildFile; fileRef = 454C51B21B5C126F00D6680A /* ViewController.m */; };
		454C51B61B5C126F00D6680A /* Main.storyboard in Resources */ = {isa = PBXBuildFile; fileRef = 454C51B41B5C126F00D6680A /* Main.storyboard */; };
		455FD8201BC8AEBD000E449F /* SKYNewsFeedTableViewCell+Customization.m in Sources */ = {isa = PBXBuildFile; fileRef = 455FD81F1BC8AEBD000E449F /* SKYNewsFeedTableViewCell+Customization.m */; settings = {ASSET_TAGS = (); }; };
		455FD8311BC8BF78000E449F /* custom.css in Resources */ = {isa = PBXBuildFile; fileRef = 455FD8301BC8BF78000E449F /* custom.css */; settings = {ASSET_TAGS = (); }; };
		45A66A2D1BC53E1B00E0D5FA /* images.xcassets in Resources */ = {isa = PBXBuildFile; fileRef = 45A66A2C1BC53E1B00E0D5FA /* images.xcassets */; settings = {ASSET_TAGS = (); }; };
		45A66A301BC549E600E0D5FA /* ostrich-sans-inline-regular.ttf in Resources */ = {isa = PBXBuildFile; fileRef = 45A66A2E1BC549E600E0D5FA /* ostrich-sans-inline-regular.ttf */; settings = {ASSET_TAGS = (); }; };
		45A66A311BC549E600E0D5FA /* PlantagenetCherokee.ttf in Resources */ = {isa = PBXBuildFile; fileRef = 45A66A2F1BC549E600E0D5FA /* PlantagenetCherokee.ttf */; settings = {ASSET_TAGS = (); }; };
		45A66A361BC68C0600E0D5FA /* SKYNetworkHandler.m in Sources */ = {isa = PBXBuildFile; fileRef = 45A66A351BC68C0600E0D5FA /* SKYNetworkHandler.m */; settings = {ASSET_TAGS = (); }; };
		45A66A3A1BC68CB800E0D5FA /* SKYArticle.m in Sources */ = {isa = PBXBuildFile; fileRef = 45A66A391BC68CB800E0D5FA /* SKYArticle.m */; settings = {ASSET_TAGS = (); }; };
		45A66A3E1BC693C900E0D5FA /* SKYArticleTransformer.m in Sources */ = {isa = PBXBuildFile; fileRef = 45A66A3D1BC693C900E0D5FA /* SKYArticleTransformer.m */; settings = {ASSET_TAGS = (); }; };
		45E0663E1BC3EFEB00BB9723 /* SKYNewsFeedTableViewController.m in Sources */ = {isa = PBXBuildFile; fileRef = 45E0663D1BC3EFEB00BB9723 /* SKYNewsFeedTableViewController.m */; settings = {ASSET_TAGS = (); }; };
		45E066421BC3F02700BB9723 /* SKYNewsFeedTableViewCell.m in Sources */ = {isa = PBXBuildFile; fileRef = 45E066411BC3F02700BB9723 /* SKYNewsFeedTableViewCell.m */; settings = {ASSET_TAGS = (); }; };
		45E066461BC4866800BB9723 /* SKYArticleViewController.m in Sources */ = {isa = PBXBuildFile; fileRef = 45E066451BC4866800BB9723 /* SKYArticleViewController.m */; settings = {ASSET_TAGS = (); }; };
/* End PBXBuildFile section */

/* Begin PBXFileReference section */
		00BC2858F2260B3F72F372C5 /* Pods.release.xcconfig */ = {isa = PBXFileReference; includeInIndex = 1; lastKnownFileType = text.xcconfig; name = Pods.release.xcconfig; path = "Pods/Target Support Files/Pods/Pods.release.xcconfig"; sourceTree = "<group>"; };
		03186230C41E9C47BC3C0286 /* libPods.a */ = {isa = PBXFileReference; explicitFileType = archive.ar; includeInIndex = 0; path = libPods.a; sourceTree = BUILT_PRODUCTS_DIR; };
		454C51A71B5C126F00D6680A /* Good News.app */ = {isa = PBXFileReference; explicitFileType = wrapper.application; includeInIndex = 0; path = "Good News.app"; sourceTree = BUILT_PRODUCTS_DIR; };
		454C51AB1B5C126F00D6680A /* Info.plist */ = {isa = PBXFileReference; lastKnownFileType = text.plist.xml; path = Info.plist; sourceTree = "<group>"; };
		454C51AC1B5C126F00D6680A /* main.m */ = {isa = PBXFileReference; lastKnownFileType = sourcecode.c.objc; path = main.m; sourceTree = "<group>"; };
		454C51AE1B5C126F00D6680A /* AppDelegate.h */ = {isa = PBXFileReference; lastKnownFileType = sourcecode.c.h; path = AppDelegate.h; sourceTree = "<group>"; };
		454C51AF1B5C126F00D6680A /* AppDelegate.m */ = {isa = PBXFileReference; lastKnownFileType = sourcecode.c.objc; path = AppDelegate.m; sourceTree = "<group>"; };
		454C51B11B5C126F00D6680A /* ViewController.h */ = {isa = PBXFileReference; lastKnownFileType = sourcecode.c.h; path = ViewController.h; sourceTree = "<group>"; };
		454C51B21B5C126F00D6680A /* ViewController.m */ = {isa = PBXFileReference; lastKnownFileType = sourcecode.c.objc; path = ViewController.m; sourceTree = "<group>"; };
		454C51B51B5C126F00D6680A /* Base */ = {isa = PBXFileReference; lastKnownFileType = file.storyboard; name = Base; path = Base.lproj/Main.storyboard; sourceTree = "<group>"; };
		454C51C51B5C126F00D6680A /* Info.plist */ = {isa = PBXFileReference; lastKnownFileType = text.plist.xml; path = Info.plist; sourceTree = "<group>"; };
		454C51C61B5C126F00D6680A /* Good_NewsTests.m */ = {isa = PBXFileReference; lastKnownFileType = sourcecode.c.objc; path = Good_NewsTests.m; sourceTree = "<group>"; };
		455FD81E1BC8AEBD000E449F /* SKYNewsFeedTableViewCell+Customization.h */ = {isa = PBXFileReference; fileEncoding = 4; lastKnownFileType = sourcecode.c.h; path = "SKYNewsFeedTableViewCell+Customization.h"; sourceTree = "<group>"; };
		455FD81F1BC8AEBD000E449F /* SKYNewsFeedTableViewCell+Customization.m */ = {isa = PBXFileReference; fileEncoding = 4; lastKnownFileType = sourcecode.c.objc; path = "SKYNewsFeedTableViewCell+Customization.m"; sourceTree = "<group>"; };
		455FD8301BC8BF78000E449F /* custom.css */ = {isa = PBXFileReference; fileEncoding = 4; lastKnownFileType = text.css; path = custom.css; sourceTree = "<group>"; };
		45A66A2C1BC53E1B00E0D5FA /* images.xcassets */ = {isa = PBXFileReference; lastKnownFileType = folder.assetcatalog; path = images.xcassets; sourceTree = "<group>"; };
		45A66A2E1BC549E600E0D5FA /* ostrich-sans-inline-regular.ttf */ = {isa = PBXFileReference; lastKnownFileType = file; path = "ostrich-sans-inline-regular.ttf"; sourceTree = "<group>"; };
		45A66A2F1BC549E600E0D5FA /* PlantagenetCherokee.ttf */ = {isa = PBXFileReference; lastKnownFileType = file; path = PlantagenetCherokee.ttf; sourceTree = "<group>"; };
		45A66A341BC68C0600E0D5FA /* SKYNetworkHandler.h */ = {isa = PBXFileReference; fileEncoding = 4; lastKnownFileType = sourcecode.c.h; path = SKYNetworkHandler.h; sourceTree = "<group>"; };
		45A66A351BC68C0600E0D5FA /* SKYNetworkHandler.m */ = {isa = PBXFileReference; fileEncoding = 4; lastKnownFileType = sourcecode.c.objc; path = SKYNetworkHandler.m; sourceTree = "<group>"; };
		45A66A381BC68CB800E0D5FA /* SKYArticle.h */ = {isa = PBXFileReference; fileEncoding = 4; lastKnownFileType = sourcecode.c.h; path = SKYArticle.h; sourceTree = "<group>"; };
		45A66A391BC68CB800E0D5FA /* SKYArticle.m */ = {isa = PBXFileReference; fileEncoding = 4; lastKnownFileType = sourcecode.c.objc; path = SKYArticle.m; sourceTree = "<group>"; };
		45A66A3C1BC693C900E0D5FA /* SKYArticleTransformer.h */ = {isa = PBXFileReference; fileEncoding = 4; lastKnownFileType = sourcecode.c.h; path = SKYArticleTransformer.h; sourceTree = "<group>"; };
		45A66A3D1BC693C900E0D5FA /* SKYArticleTransformer.m */ = {isa = PBXFileReference; fileEncoding = 4; lastKnownFileType = sourcecode.c.objc; path = SKYArticleTransformer.m; sourceTree = "<group>"; };
		45E0663C1BC3EFEB00BB9723 /* SKYNewsFeedTableViewController.h */ = {isa = PBXFileReference; fileEncoding = 4; lastKnownFileType = sourcecode.c.h; path = SKYNewsFeedTableViewController.h; sourceTree = "<group>"; };
		45E0663D1BC3EFEB00BB9723 /* SKYNewsFeedTableViewController.m */ = {isa = PBXFileReference; fileEncoding = 4; lastKnownFileType = sourcecode.c.objc; path = SKYNewsFeedTableViewController.m; sourceTree = "<group>"; };
		45E066401BC3F02700BB9723 /* SKYNewsFeedTableViewCell.h */ = {isa = PBXFileReference; fileEncoding = 4; lastKnownFileType = sourcecode.c.h; path = SKYNewsFeedTableViewCell.h; sourceTree = "<group>"; };
		45E066411BC3F02700BB9723 /* SKYNewsFeedTableViewCell.m */ = {isa = PBXFileReference; fileEncoding = 4; lastKnownFileType = sourcecode.c.objc; path = SKYNewsFeedTableViewCell.m; sourceTree = "<group>"; };
		45E066441BC4866800BB9723 /* SKYArticleViewController.h */ = {isa = PBXFileReference; fileEncoding = 4; lastKnownFileType = sourcecode.c.h; path = SKYArticleViewController.h; sourceTree = "<group>"; };
		45E066451BC4866800BB9723 /* SKYArticleViewController.m */ = {isa = PBXFileReference; fileEncoding = 4; lastKnownFileType = sourcecode.c.objc; path = SKYArticleViewController.m; sourceTree = "<group>"; };
		7B4F970162EA018350AFDF7E /* Pods.debug.xcconfig */ = {isa = PBXFileReference; includeInIndex = 1; lastKnownFileType = text.xcconfig; name = Pods.debug.xcconfig; path = "Pods/Target Support Files/Pods/Pods.debug.xcconfig"; sourceTree = "<group>"; };
/* End PBXFileReference section */

/* Begin PBXFrameworksBuildPhase section */
		454C51A41B5C126F00D6680A /* Frameworks */ = {
			isa = PBXFrameworksBuildPhase;
			buildActionMask = 2147483647;
			files = (
				03804F1A430A7A62C5C17CC9 /* libPods.a in Frameworks */,
			);
			runOnlyForDeploymentPostprocessing = 0;
		};
/* End PBXFrameworksBuildPhase section */

/* Begin PBXGroup section */
		454C519E1B5C126F00D6680A = {
			isa = PBXGroup;
			children = (
				454C51A91B5C126F00D6680A /* Good News */,
				454C51C31B5C126F00D6680A /* Good NewsTests */,
				454C51A81B5C126F00D6680A /* Products */,
				C37C9AD89C022F1520E6373A /* Pods */,
				D18A660097743CAE4819A827 /* Frameworks */,
			);
			sourceTree = "<group>";
		};
		454C51A81B5C126F00D6680A /* Products */ = {
			isa = PBXGroup;
			children = (
				454C51A71B5C126F00D6680A /* Good News.app */,
			);
			name = Products;
			sourceTree = "<group>";
		};
		454C51A91B5C126F00D6680A /* Good News */ = {
			isa = PBXGroup;
			children = (
				45A66A3F1BC75C3D00E0D5FA /* Categories */,
				45A66A371BC68CAD00E0D5FA /* Model */,
				45A66A321BC68BD000E0D5FA /* Networking */,
				454C51B11B5C126F00D6680A /* ViewController.h */,
				454C51B21B5C126F00D6680A /* ViewController.m */,
				45E066431BC4864B00BB9723 /* Article */,
				45E0663F1BC3EFFE00BB9723 /* News Feed */,
				454C51B41B5C126F00D6680A /* Main.storyboard */,
				454C51AA1B5C126F00D6680A /* Supporting Files */,
				45A66A2C1BC53E1B00E0D5FA /* images.xcassets */,
			);
			path = "Good News";
			sourceTree = "<group>";
		};
		454C51AA1B5C126F00D6680A /* Supporting Files */ = {
			isa = PBXGroup;
			children = (
				45A66A331BC68BE300E0D5FA /* Fonts */,
				454C51AB1B5C126F00D6680A /* Info.plist */,
				454C51AC1B5C126F00D6680A /* main.m */,
				454C51AE1B5C126F00D6680A /* AppDelegate.h */,
				454C51AF1B5C126F00D6680A /* AppDelegate.m */,
			);
			name = "Supporting Files";
			sourceTree = "<group>";
		};
		454C51C31B5C126F00D6680A /* Good NewsTests */ = {
			isa = PBXGroup;
			children = (
				454C51C61B5C126F00D6680A /* Good_NewsTests.m */,
				454C51C41B5C126F00D6680A /* Supporting Files */,
			);
			path = "Good NewsTests";
			sourceTree = "<group>";
		};
		454C51C41B5C126F00D6680A /* Supporting Files */ = {
			isa = PBXGroup;
			children = (
				454C51C51B5C126F00D6680A /* Info.plist */,
			);
			name = "Supporting Files";
			sourceTree = "<group>";
		};
		455FD8211BC8BB97000E449F /* Web Styles */ = {
			isa = PBXGroup;
			children = (
				455FD8301BC8BF78000E449F /* custom.css */,
			);
			name = "Web Styles";
			sourceTree = "<group>";
		};
		45A66A321BC68BD000E0D5FA /* Networking */ = {
			isa = PBXGroup;
			children = (
				45A66A341BC68C0600E0D5FA /* SKYNetworkHandler.h */,
				45A66A351BC68C0600E0D5FA /* SKYNetworkHandler.m */,
				45A66A3B1BC693BB00E0D5FA /* Transformers */,
			);
			name = Networking;
			sourceTree = "<group>";
		};
		45A66A331BC68BE300E0D5FA /* Fonts */ = {
			isa = PBXGroup;
			children = (
				45A66A2E1BC549E600E0D5FA /* ostrich-sans-inline-regular.ttf */,
				45A66A2F1BC549E600E0D5FA /* PlantagenetCherokee.ttf */,
			);
			name = Fonts;
			sourceTree = "<group>";
		};
		45A66A371BC68CAD00E0D5FA /* Model */ = {
			isa = PBXGroup;
			children = (
				45A66A381BC68CB800E0D5FA /* SKYArticle.h */,
				45A66A391BC68CB800E0D5FA /* SKYArticle.m */,
			);
			name = Model;
			sourceTree = "<group>";
		};
		45A66A3B1BC693BB00E0D5FA /* Transformers */ = {
			isa = PBXGroup;
			children = (
				45A66A3C1BC693C900E0D5FA /* SKYArticleTransformer.h */,
				45A66A3D1BC693C900E0D5FA /* SKYArticleTransformer.m */,
			);
			name = Transformers;
			sourceTree = "<group>";
		};
		45A66A3F1BC75C3D00E0D5FA /* Categories */ = {
			isa = PBXGroup;
			children = (
			);
			name = Categories;
			sourceTree = "<group>";
		};
		45E0663F1BC3EFFE00BB9723 /* News Feed */ = {
			isa = PBXGroup;
			children = (
				45E0663C1BC3EFEB00BB9723 /* SKYNewsFeedTableViewController.h */,
				45E0663D1BC3EFEB00BB9723 /* SKYNewsFeedTableViewController.m */,
				45E066401BC3F02700BB9723 /* SKYNewsFeedTableViewCell.h */,
				45E066411BC3F02700BB9723 /* SKYNewsFeedTableViewCell.m */,
				455FD81E1BC8AEBD000E449F /* SKYNewsFeedTableViewCell+Customization.h */,
				455FD81F1BC8AEBD000E449F /* SKYNewsFeedTableViewCell+Customization.m */,
			);
			name = "News Feed";
			sourceTree = "<group>";
		};
		45E066431BC4864B00BB9723 /* Article */ = {
			isa = PBXGroup;
			children = (
				455FD8211BC8BB97000E449F /* Web Styles */,
				45E066441BC4866800BB9723 /* SKYArticleViewController.h */,
				45E066451BC4866800BB9723 /* SKYArticleViewController.m */,
			);
			name = Article;
			sourceTree = "<group>";
		};
		C37C9AD89C022F1520E6373A /* Pods */ = {
			isa = PBXGroup;
			children = (
				7B4F970162EA018350AFDF7E /* Pods.debug.xcconfig */,
				00BC2858F2260B3F72F372C5 /* Pods.release.xcconfig */,
			);
			name = Pods;
			sourceTree = "<group>";
		};
		D18A660097743CAE4819A827 /* Frameworks */ = {
			isa = PBXGroup;
			children = (
				03186230C41E9C47BC3C0286 /* libPods.a */,
			);
			name = Frameworks;
			sourceTree = "<group>";
		};
/* End PBXGroup section */

/* Begin PBXNativeTarget section */
		454C51A61B5C126F00D6680A /* Good News */ = {
			isa = PBXNativeTarget;
			buildConfigurationList = 454C51CA1B5C126F00D6680A /* Build configuration list for PBXNativeTarget "Good News" */;
			buildPhases = (
				B51CCAF3C4F8BD466A424D00 /* Check Pods Manifest.lock */,
				454C51A31B5C126F00D6680A /* Sources */,
				454C51A41B5C126F00D6680A /* Frameworks */,
				454C51A51B5C126F00D6680A /* Resources */,
				32532E0C3568D3734C5602AF /* Copy Pods Resources */,
			);
			buildRules = (
			);
			dependencies = (
			);
			name = "Good News";
			productName = "Good News";
			productReference = 454C51A71B5C126F00D6680A /* Good News.app */;
			productType = "com.apple.product-type.application";
		};
/* End PBXNativeTarget section */

/* Begin PBXProject section */
		454C519F1B5C126F00D6680A /* Project object */ = {
			isa = PBXProject;
			attributes = {
				LastUpgradeCheck = 0700;
				ORGANIZATIONNAME = "Skytop Designs";
				TargetAttributes = {
					454C51A61B5C126F00D6680A = {
						CreatedOnToolsVersion = 6.3.1;
						DevelopmentTeam = 98E8SVTQ29;
					};
				};
			};
			buildConfigurationList = 454C51A21B5C126F00D6680A /* Build configuration list for PBXProject "Good News" */;
			compatibilityVersion = "Xcode 3.2";
			developmentRegion = English;
			hasScannedForEncodings = 0;
			knownRegions = (
				en,
				Base,
			);
			mainGroup = 454C519E1B5C126F00D6680A;
			productRefGroup = 454C51A81B5C126F00D6680A /* Products */;
			projectDirPath = "";
			projectRoot = "";
			targets = (
				454C51A61B5C126F00D6680A /* Good News */,
			);
		};
/* End PBXProject section */

/* Begin PBXResourcesBuildPhase section */
		454C51A51B5C126F00D6680A /* Resources */ = {
			isa = PBXResourcesBuildPhase;
			buildActionMask = 2147483647;
			files = (
				45A66A311BC549E600E0D5FA /* PlantagenetCherokee.ttf in Resources */,
				454C51B61B5C126F00D6680A /* Main.storyboard in Resources */,
				455FD8311BC8BF78000E449F /* custom.css in Resources */,
				45A66A2D1BC53E1B00E0D5FA /* images.xcassets in Resources */,
				45A66A301BC549E600E0D5FA /* ostrich-sans-inline-regular.ttf in Resources */,
			);
			runOnlyForDeploymentPostprocessing = 0;
		};
/* End PBXResourcesBuildPhase section */

/* Begin PBXShellScriptBuildPhase section */
		32532E0C3568D3734C5602AF /* Copy Pods Resources */ = {
			isa = PBXShellScriptBuildPhase;
			buildActionMask = 2147483647;
			files = (
			);
			inputPaths = (
			);
			name = "Copy Pods Resources";
			outputPaths = (
			);
			runOnlyForDeploymentPostprocessing = 0;
			shellPath = /bin/sh;
			shellScript = "\"${SRCROOT}/Pods/Target Support Files/Pods/Pods-resources.sh\"\n";
			showEnvVarsInLog = 0;
		};
		B51CCAF3C4F8BD466A424D00 /* Check Pods Manifest.lock */ = {
			isa = PBXShellScriptBuildPhase;
			buildActionMask = 2147483647;
			files = (
			);
			inputPaths = (
			);
			name = "Check Pods Manifest.lock";
			outputPaths = (
			);
			runOnlyForDeploymentPostprocessing = 0;
			shellPath = /bin/sh;
			shellScript = "diff \"${PODS_ROOT}/../Podfile.lock\" \"${PODS_ROOT}/Manifest.lock\" > /dev/null\nif [[ $? != 0 ]] ; then\n    cat << EOM\nerror: The sandbox is not in sync with the Podfile.lock. Run 'pod install' or update your CocoaPods installation.\nEOM\n    exit 1\nfi\n";
			showEnvVarsInLog = 0;
		};
/* End PBXShellScriptBuildPhase section */

/* Begin PBXSourcesBuildPhase section */
		454C51A31B5C126F00D6680A /* Sources */ = {
			isa = PBXSourcesBuildPhase;
			buildActionMask = 2147483647;
			files = (
				455FD8201BC8AEBD000E449F /* SKYNewsFeedTableViewCell+Customization.m in Sources */,
				45E066421BC3F02700BB9723 /* SKYNewsFeedTableViewCell.m in Sources */,
				45E0663E1BC3EFEB00BB9723 /* SKYNewsFeedTableViewController.m in Sources */,
				45A66A3A1BC68CB800E0D5FA /* SKYArticle.m in Sources */,
				454C51B31B5C126F00D6680A /* ViewController.m in Sources */,
				45E066461BC4866800BB9723 /* SKYArticleViewController.m in Sources */,
				45A66A361BC68C0600E0D5FA /* SKYNetworkHandler.m in Sources */,
				454C51B01B5C126F00D6680A /* AppDelegate.m in Sources */,
				454C51AD1B5C126F00D6680A /* main.m in Sources */,
				45A66A3E1BC693C900E0D5FA /* SKYArticleTransformer.m in Sources */,
			);
			runOnlyForDeploymentPostprocessing = 0;
		};
/* End PBXSourcesBuildPhase section */

/* Begin PBXVariantGroup section */
		454C51B41B5C126F00D6680A /* Main.storyboard */ = {
			isa = PBXVariantGroup;
			children = (
				454C51B51B5C126F00D6680A /* Base */,
			);
			name = Main.storyboard;
			sourceTree = "<group>";
		};
/* End PBXVariantGroup section */

/* Begin XCBuildConfiguration section */
		454C51C81B5C126F00D6680A /* Debug */ = {
			isa = XCBuildConfiguration;
			buildSettings = {
				ALWAYS_SEARCH_USER_PATHS = NO;
				CLANG_CXX_LANGUAGE_STANDARD = "gnu++0x";
				CLANG_CXX_LIBRARY = "libc++";
				CLANG_ENABLE_MODULES = YES;
				CLANG_ENABLE_OBJC_ARC = YES;
				CLANG_WARN_BOOL_CONVERSION = YES;
				CLANG_WARN_CONSTANT_CONVERSION = YES;
				CLANG_WARN_DIRECT_OBJC_ISA_USAGE = YES_ERROR;
				CLANG_WARN_EMPTY_BODY = YES;
				CLANG_WARN_ENUM_CONVERSION = YES;
				CLANG_WARN_INT_CONVERSION = YES;
				CLANG_WARN_OBJC_ROOT_CLASS = YES_ERROR;
				CLANG_WARN_UNREACHABLE_CODE = YES;
				CLANG_WARN__DUPLICATE_METHOD_MATCH = YES;
				"CODE_SIGN_IDENTITY[sdk=iphoneos*]" = "iPhone Developer";
				COPY_PHASE_STRIP = NO;
				DEBUG_INFORMATION_FORMAT = "dwarf-with-dsym";
				ENABLE_STRICT_OBJC_MSGSEND = YES;
				ENABLE_TESTABILITY = YES;
				GCC_C_LANGUAGE_STANDARD = gnu99;
				GCC_DYNAMIC_NO_PIC = NO;
				GCC_NO_COMMON_BLOCKS = YES;
				GCC_OPTIMIZATION_LEVEL = 0;
				GCC_PREPROCESSOR_DEFINITIONS = (
					"DEBUG=1",
					"$(inherited)",
				);
				GCC_SYMBOLS_PRIVATE_EXTERN = NO;
				GCC_WARN_64_TO_32_BIT_CONVERSION = YES;
				GCC_WARN_ABOUT_RETURN_TYPE = YES_ERROR;
				GCC_WARN_UNDECLARED_SELECTOR = YES;
				GCC_WARN_UNINITIALIZED_AUTOS = YES_AGGRESSIVE;
				GCC_WARN_UNUSED_FUNCTION = YES;
				GCC_WARN_UNUSED_VARIABLE = YES;
				IPHONEOS_DEPLOYMENT_TARGET = 8.3;
				MTL_ENABLE_DEBUG_INFO = YES;
				ONLY_ACTIVE_ARCH = YES;
				SDKROOT = iphoneos;
			};
			name = Debug;
		};
		454C51C91B5C126F00D6680A /* Release */ = {
			isa = XCBuildConfiguration;
			buildSettings = {
				ALWAYS_SEARCH_USER_PATHS = NO;
				CLANG_CXX_LANGUAGE_STANDARD = "gnu++0x";
				CLANG_CXX_LIBRARY = "libc++";
				CLANG_ENABLE_MODULES = YES;
				CLANG_ENABLE_OBJC_ARC = YES;
				CLANG_WARN_BOOL_CONVERSION = YES;
				CLANG_WARN_CONSTANT_CONVERSION = YES;
				CLANG_WARN_DIRECT_OBJC_ISA_USAGE = YES_ERROR;
				CLANG_WARN_EMPTY_BODY = YES;
				CLANG_WARN_ENUM_CONVERSION = YES;
				CLANG_WARN_INT_CONVERSION = YES;
				CLANG_WARN_OBJC_ROOT_CLASS = YES_ERROR;
				CLANG_WARN_UNREACHABLE_CODE = YES;
				CLANG_WARN__DUPLICATE_METHOD_MATCH = YES;
				"CODE_SIGN_IDENTITY[sdk=iphoneos*]" = "iPhone Developer";
				COPY_PHASE_STRIP = NO;
				DEBUG_INFORMATION_FORMAT = "dwarf-with-dsym";
				ENABLE_NS_ASSERTIONS = NO;
				ENABLE_STRICT_OBJC_MSGSEND = YES;
				GCC_C_LANGUAGE_STANDARD = gnu99;
				GCC_NO_COMMON_BLOCKS = YES;
				GCC_WARN_64_TO_32_BIT_CONVERSION = YES;
				GCC_WARN_ABOUT_RETURN_TYPE = YES_ERROR;
				GCC_WARN_UNDECLARED_SELECTOR = YES;
				GCC_WARN_UNINITIALIZED_AUTOS = YES_AGGRESSIVE;
				GCC_WARN_UNUSED_FUNCTION = YES;
				GCC_WARN_UNUSED_VARIABLE = YES;
				IPHONEOS_DEPLOYMENT_TARGET = 8.3;
				MTL_ENABLE_DEBUG_INFO = NO;
				SDKROOT = iphoneos;
				VALIDATE_PRODUCT = YES;
			};
			name = Release;
		};
		454C51CB1B5C126F00D6680A /* Debug */ = {
			isa = XCBuildConfiguration;
			baseConfigurationReference = 7B4F970162EA018350AFDF7E /* Pods.debug.xcconfig */;
			buildSettings = {
				ASSETCATALOG_COMPILER_APPICON_NAME = AppIcon;
				ASSETCATALOG_COMPILER_LAUNCHIMAGE_NAME = LaunchImage;
				CODE_SIGN_IDENTITY = "iPhone Developer";
				INFOPLIST_FILE = "Good News/Info.plist";
				IPHONEOS_DEPLOYMENT_TARGET = 9.0;
				LD_RUNPATH_SEARCH_PATHS = "$(inherited) @executable_path/Frameworks";
				PRODUCT_BUNDLE_IDENTIFIER = "com.skytopdesigns.$(PRODUCT_NAME:rfc1034identifier)";
				PRODUCT_NAME = "$(TARGET_NAME)";
			};
			name = Debug;
		};
		454C51CC1B5C126F00D6680A /* Release */ = {
			isa = XCBuildConfiguration;
			baseConfigurationReference = 00BC2858F2260B3F72F372C5 /* Pods.release.xcconfig */;
			buildSettings = {
				ASSETCATALOG_COMPILER_APPICON_NAME = AppIcon;
				ASSETCATALOG_COMPILER_LAUNCHIMAGE_NAME = LaunchImage;
				CODE_SIGN_IDENTITY = "iPhone Developer";
				INFOPLIST_FILE = "Good News/Info.plist";
				IPHONEOS_DEPLOYMENT_TARGET = 9.0;
				LD_RUNPATH_SEARCH_PATHS = "$(inherited) @executable_path/Frameworks";
				PRODUCT_BUNDLE_IDENTIFIER = "com.skytopdesigns.$(PRODUCT_NAME:rfc1034identifier)";
				PRODUCT_NAME = "$(TARGET_NAME)";
			};
			name = Release;
		};
/* End XCBuildConfiguration section */

/* Begin XCConfigurationList section */
		454C51A21B5C126F00D6680A /* Build configuration list for PBXProject "Good News" */ = {
			isa = XCConfigurationList;
			buildConfigurations = (
				454C51C81B5C126F00D6680A /* Debug */,
				454C51C91B5C126F00D6680A /* Release */,
			);
			defaultConfigurationIsVisible = 0;
			defaultConfigurationName = Release;
		};
		454C51CA1B5C126F00D6680A /* Build configuration list for PBXNativeTarget "Good News" */ = {
			isa = XCConfigurationList;
			buildConfigurations = (
				454C51CB1B5C126F00D6680A /* Debug */,
				454C51CC1B5C126F00D6680A /* Release */,
			);
			defaultConfigurationIsVisible = 0;
			defaultConfigurationName = Release;
		};
/* End XCConfigurationList section */
	};
	rootObject = 454C519F1B5C126F00D6680A /* Project object */;
}
